
Microsoft Visual Studio Solution File, Format Version 12.00
# Visual Studio Version 17
VisualStudioVersion = 17.4.33213.308
MinimumVisualStudioVersion = 10.0.40219.1
Project("{FAE04EC0-301F-11D3-BF4B-00C04F79EFBC}") = "Activity", "Activity.csproj", "{9BF2AD33-46A4-4CB6-864B-A5DD1329B7D0}"
EndProject
Project("{FAE04EC0-301F-11D3-BF4B-00C04F79EFBC}") = "UDS.Opportunities", "..\Opportunity\UDS.Opportunities.csproj", "{5AAB848C-FB7F-4EBE-BD43-5B5068476CC3}"
EndProject
Global
	GlobalSection(SolutionConfigurationPlatforms) = preSolution
		Debug|Any CPU = Debug|Any CPU
		Release|Any CPU = Release|Any CPU
	EndGlobalSection
	GlobalSection(ProjectConfigurationPlatforms) = postSolution
		{9BF2AD33-46A4-4CB6-864B-A5DD1329B7D0}.Debug|Any CPU.ActiveCfg = Debug|Any CPU
		{9BF2AD33-46A4-4CB6-864B-A5DD1329B7D0}.Debug|Any CPU.Build.0 = Debug|Any CPU
		{9BF2AD33-46A4-4CB6-864B-A5DD1329B7D0}.Release|Any CPU.ActiveCfg = Release|Any CPU
		{9BF2AD33-46A4-4CB6-864B-A5DD1329B7D0}.Release|Any CPU.Build.0 = Release|Any CPU
		{5AAB848C-FB7F-4EBE-BD43-5B5068476CC3}.Debug|Any CPU.ActiveCfg = Debug|Any CPU
		{5AAB848C-FB7F-4EBE-BD43-5B5068476CC3}.Debug|Any CPU.Build.0 = Debug|Any CPU
		{5AAB848C-FB7F-4EBE-BD43-5B5068476CC3}.Release|Any CPU.ActiveCfg = Release|Any CPU
		{5AAB848C-FB7F-4EBE-BD43-5B5068476CC3}.Release|Any CPU.Build.0 = Release|Any CPU
	EndGlobalSection
	GlobalSection(SolutionProperties) = preSolution
		HideSolutionNode = FALSE
	EndGlobalSection
	GlobalSection(ExtensibilityGlobals) = postSolution
		SolutionGuid = {C0789C1D-F280-44EF-88C6-03C3E57810C6}
	EndGlobalSection
EndGlobal
